
Microsoft Visual Studio Solution File, Format Version 12.00
# Visual Studio Version 16
VisualStudioVersion = 16.0.28714.193
MinimumVisualStudioVersion = 10.0.40219.1
Project("{F2A71F9B-5D33-465A-A702-920D77279786}") = "TagsMapper", "TagsMapper\TagsMapper.fsproj", "{FB0AB5DD-EBB8-479C-BB91-9C9537F33DEC}"
EndProject
Global
	GlobalSection(SolutionConfigurationPlatforms) = preSolution
		Debug|Any CPU = Debug|Any CPU
		Release|Any CPU = Release|Any CPU
	EndGlobalSection
	GlobalSection(ProjectConfigurationPlatforms) = postSolution
		{FB0AB5DD-EBB8-479C-BB91-9C9537F33DEC}.Debug|Any CPU.ActiveCfg = Debug|Any CPU
		{FB0AB5DD-EBB8-479C-BB91-9C9537F33DEC}.Debug|Any CPU.Build.0 = Debug|Any CPU
		{FB0AB5DD-EBB8-479C-BB91-9C9537F33DEC}.Release|Any CPU.ActiveCfg = Release|Any CPU
		{FB0AB5DD-EBB8-479C-BB91-9C9537F33DEC}.Release|Any CPU.Build.0 = Release|Any CPU
	EndGlobalSection
	GlobalSection(SolutionProperties) = preSolution
		HideSolutionNode = FALSE
	EndGlobalSection
	GlobalSection(ExtensibilityGlobals) = postSolution
		SolutionGuid = {1494ECDE-240C-4825-8AC0-B122A4F4CE09}
	EndGlobalSection
EndGlobal
